// !$*UTF8*$!
{
	archiveVersion = 1;
	classes = {
	};
	objectVersion = 56;
	objects = {

/* Begin PBXBuildFile section */
		AA000023AA000023AA000023 /* RepeatRemindApp.swift in Sources */ = {isa = PBXBuildFile; fileRef = AA000016AA000016AA000016 /* RepeatRemindApp.swift */; };
		AA000024AA000024AA000024 /* ContentView.swift in Sources */ = {isa = PBXBuildFile; fileRef = AA000017AA000017AA000017 /* ContentView.swift */; };
		AA000025AA000025AA000025 /* AddReminderView.swift in Sources */ = {isa = PBXBuildFile; fileRef = AA000018AA000018AA000018 /* AddReminderView.swift */; };
		AA000026AA000026AA000026 /* Reminder.swift in Sources */ = {isa = PBXBuildFile; fileRef = AA000019AA000019AA000019 /* Reminder.swift */; };
		AA000027AA000027AA000027 /* NotificationManager.swift in Sources */ = {isa = PBXBuildFile; fileRef = AA000020AA000020AA000020 /* NotificationManager.swift */; };
		AA000028AA000028AA000028 /* AppIntents.swift in Sources */ = {isa = PBXBuildFile; fileRef = AA000021AA000021AA000021 /* AppIntents.swift */; };
		AA000029AA000029AA000029 /* Assets.xcassets in Resources */ = {isa = PBXBuildFile; fileRef = AA000022AA000022AA000022 /* Assets.xcassets */; };
		CC000001CC000001CC000001 /* RepeatRemindWatchApp.swift in Sources */ = {isa = PBXBuildFile; fileRef = DD000002DD000002DD000002 /* RepeatRemindWatchApp.swift */; };
		CC000002CC000002CC000002 /* WatchContentView.swift in Sources */ = {isa = PBXBuildFile; fileRef = DD000003DD000003DD000003 /* WatchContentView.swift */; };
		CC000003CC000003CC000003 /* Reminder.swift in Sources */ = {isa = PBXBuildFile; fileRef = AA000019AA000019AA000019 /* Reminder.swift */; };
		CC000004CC000004CC000004 /* NotificationManager.swift in Sources */ = {isa = PBXBuildFile; fileRef = AA000020AA000020AA000020 /* NotificationManager.swift */; };
		CC000005CC000005CC000005 /* AppIntents.swift in Sources */ = {isa = PBXBuildFile; fileRef = AA000021AA000021AA000021 /* AppIntents.swift */; };
		CC000006CC000006CC000006 /* Assets.xcassets in Resources */ = {isa = PBXBuildFile; fileRef = DD000004DD000004DD000004 /* Assets.xcassets */; };
/* End PBXBuildFile section */

/* Begin PBXFileReference section */
		AA000006AA000006AA000006 /* RepeatRemind.app */ = {isa = PBXFileReference; explicitFileType = wrapper.application; includeInIndex = 0; path = RepeatRemind.app; sourceTree = BUILT_PRODUCTS_DIR; };
		AA000016AA000016AA000016 /* RepeatRemindApp.swift */ = {isa = PBXFileReference; lastKnownFileType = sourcecode.swift; path = RepeatRemindApp.swift; sourceTree = "<group>"; };
		AA000017AA000017AA000017 /* ContentView.swift */ = {isa = PBXFileReference; lastKnownFileType = sourcecode.swift; path = ContentView.swift; sourceTree = "<group>"; };
		AA000018AA000018AA000018 /* AddReminderView.swift */ = {isa = PBXFileReference; lastKnownFileType = sourcecode.swift; path = AddReminderView.swift; sourceTree = "<group>"; };
		AA000019AA000019AA000019 /* Reminder.swift */ = {isa = PBXFileReference; lastKnownFileType = sourcecode.swift; path = Reminder.swift; sourceTree = "<group>"; };
		AA000020AA000020AA000020 /* NotificationManager.swift */ = {isa = PBXFileReference; lastKnownFileType = sourcecode.swift; path = NotificationManager.swift; sourceTree = "<group>"; };
		AA000021AA000021AA000021 /* AppIntents.swift */ = {isa = PBXFileReference; lastKnownFileType = sourcecode.swift; path = AppIntents.swift; sourceTree = "<group>"; };
		AA000022AA000022AA000022 /* Assets.xcassets */ = {isa = PBXFileReference; lastKnownFileType = folder.assetcatalog; path = Assets.xcassets; sourceTree = "<group>"; };
		DD000001DD000001DD000001 /* RepeatRemindWatch.app */ = {isa = PBXFileReference; explicitFileType = wrapper.application; includeInIndex = 0; path = RepeatRemindWatch.app; sourceTree = BUILT_PRODUCTS_DIR; };
		DD000002DD000002DD000002 /* RepeatRemindWatchApp.swift */ = {isa = PBXFileReference; lastKnownFileType = sourcecode.swift; path = RepeatRemindWatchApp.swift; sourceTree = "<group>"; };
		DD000003DD000003DD000003 /* WatchContentView.swift */ = {isa = PBXFileReference; lastKnownFileType = sourcecode.swift; path = WatchContentView.swift; sourceTree = "<group>"; };
		DD000004DD000004DD000004 /* Assets.xcassets */ = {isa = PBXFileReference; lastKnownFileType = folder.assetcatalog; path = Assets.xcassets; sourceTree = "<group>"; };
/* End PBXFileReference section */

/* Begin PBXFrameworksBuildPhase section */
		AA000009AA000009AA000009 /* Frameworks */ = {
			isa = PBXFrameworksBuildPhase;
			buildActionMask = 2147483647;
			files = (
			);
			runOnlyForDeploymentPostprocessing = 0;
		};
		GG000003GG000003GG000003 /* Frameworks */ = {
			isa = PBXFrameworksBuildPhase;
			buildActionMask = 2147483647;
			files = (
			);
			runOnlyForDeploymentPostprocessing = 0;
		};
/* End PBXFrameworksBuildPhase section */

/* Begin PBXGroup section */
		AA000003AA000003AA000003 = {
			isa = PBXGroup;
			children = (
				AA000005AA000005AA000005 /* RepeatRemind */,
				EE000001EE000001EE000001 /* RepeatRemindWatch */,
				AA000004AA000004AA000004 /* Products */,
			);
			sourceTree = "<group>";
		};
		AA000004AA000004AA000004 /* Products */ = {
			isa = PBXGroup;
			children = (
				AA000006AA000006AA000006 /* RepeatRemind.app */,
				DD000001DD000001DD000001 /* RepeatRemindWatch.app */,
			);
			name = Products;
			sourceTree = "<group>";
		};
		AA000005AA000005AA000005 /* RepeatRemind */ = {
			isa = PBXGroup;
			children = (
				AA000016AA000016AA000016 /* RepeatRemindApp.swift */,
				AA000017AA000017AA000017 /* ContentView.swift */,
				AA000018AA000018AA000018 /* AddReminderView.swift */,
				AA000019AA000019AA000019 /* Reminder.swift */,
				AA000020AA000020AA000020 /* NotificationManager.swift */,
				AA000021AA000021AA000021 /* AppIntents.swift */,
				AA000022AA000022AA000022 /* Assets.xcassets */,
			);
			path = RepeatRemind;
			sourceTree = "<group>";
		};
		EE000001EE000001EE000001 /* RepeatRemindWatch */ = {
			isa = PBXGroup;
			children = (
				DD000002DD000002DD000002 /* RepeatRemindWatchApp.swift */,
				DD000003DD000003DD000003 /* WatchContentView.swift */,
				DD000004DD000004DD000004 /* Assets.xcassets */,
			);
			path = RepeatRemindWatch;
			sourceTree = "<group>";
		};
/* End PBXGroup section */

/* Begin PBXNativeTarget section */
		AA000002AA000002AA000002 /* RepeatRemind */ = {
			isa = PBXNativeTarget;
			buildConfigurationList = AA000013AA000013AA000013 /* Build configuration list for PBXNativeTarget "RepeatRemind" */;
			buildPhases = (
				AA000007AA000007AA000007 /* Sources */,
				AA000008AA000008AA000008 /* Resources */,
				AA000009AA000009AA000009 /* Frameworks */,
			);
			buildRules = (
			);
			dependencies = (
			);
			name = RepeatRemind;
			productName = RepeatRemind;
			productReference = AA000006AA000006AA000006 /* RepeatRemind.app */;
			productType = "com.apple.product-type.application";
		};
		FF000001FF000001FF000001 /* RepeatRemindWatch */ = {
			isa = PBXNativeTarget;
			buildConfigurationList = HH000003HH000003HH000003 /* Build configuration list for PBXNativeTarget "RepeatRemindWatch" */;
			buildPhases = (
				GG000001GG000001GG000001 /* Sources */,
				GG000002GG000002GG000002 /* Resources */,
				GG000003GG000003GG000003 /* Frameworks */,
			);
			buildRules = (
			);
			dependencies = (
			);
			name = RepeatRemindWatch;
			productName = RepeatRemindWatch;
			productReference = DD000001DD000001DD000001 /* RepeatRemindWatch.app */;
			productType = "com.apple.product-type.application";
		};
/* End PBXNativeTarget section */

/* Begin PBXProject section */
		AA000001AA000001AA000001 /* Project object */ = {
			isa = PBXProject;
			attributes = {
				BuildIndependentTargetsInParallel = 1;
				LastSwiftUpdateCheck = 1500;
				LastUpgradeCheck = 1500;
				TargetAttributes = {
					AA000002AA000002AA000002 = {
						CreatedOnToolsVersion = 15.0;
					};
					FF000001FF000001FF000001 = {
						CreatedOnToolsVersion = 15.0;
					};
				};
			};
			buildConfigurationList = AA000010AA000010AA000010 /* Build configuration list for PBXProject "RepeatRemind" */;
			compatibilityVersion = "Xcode 14.0";
			developmentRegion = en;
			hasScannedForEncodings = 0;
			knownRegions = (
				en,
				Base,
				fr,
			);
			mainGroup = AA000003AA000003AA000003;
			productRefGroup = AA000004AA000004AA000004 /* Products */;
			projectDirPath = "";
			projectRoot = "";
			targets = (
				AA000002AA000002AA000002 /* RepeatRemind */,
				FF000001FF000001FF000001 /* RepeatRemindWatch */,
			);
		};
/* End PBXProject section */

/* Begin PBXResourcesBuildPhase section */
		AA000008AA000008AA000008 /* Resources */ = {
			isa = PBXResourcesBuildPhase;
			buildActionMask = 2147483647;
			files = (
				AA000029AA000029AA000029 /* Assets.xcassets in Resources */,
			);
			runOnlyForDeploymentPostprocessing = 0;
		};
		GG000002GG000002GG000002 /* Resources */ = {
			isa = PBXResourcesBuildPhase;
			buildActionMask = 2147483647;
			files = (
				CC000006CC000006CC000006 /* Assets.xcassets in Resources */,
			);
			runOnlyForDeploymentPostprocessing = 0;
		};
/* End PBXResourcesBuildPhase section */

/* Begin PBXSourcesBuildPhase section */
		AA000007AA000007AA000007 /* Sources */ = {
			isa = PBXSourcesBuildPhase;
			buildActionMask = 2147483647;
			files = (
				AA000023AA000023AA000023 /* RepeatRemindApp.swift in Sources */,
				AA000024AA000024AA000024 /* ContentView.swift in Sources */,
				AA000025AA000025AA000025 /* AddReminderView.swift in Sources */,
				AA000026AA000026AA000026 /* Reminder.swift in Sources */,
				AA000027AA000027AA000027 /* NotificationManager.swift in Sources */,
				AA000028AA000028AA000028 /* AppIntents.swift in Sources */,
			);
			runOnlyForDeploymentPostprocessing = 0;
		};
		GG000001GG000001GG000001 /* Sources */ = {
			isa = PBXSourcesBuildPhase;
			buildActionMask = 2147483647;
			files = (
				CC000001CC000001CC000001 /* RepeatRemindWatchApp.swift in Sources */,
				CC000002CC000002CC000002 /* WatchContentView.swift in Sources */,
				CC000003CC000003CC000003 /* Reminder.swift in Sources */,
				CC000004CC000004CC000004 /* NotificationManager.swift in Sources */,
				CC000005CC000005CC000005 /* AppIntents.swift in Sources */,
			);
			runOnlyForDeploymentPostprocessing = 0;
		};
/* End PBXSourcesBuildPhase section */

/* Begin XCBuildConfiguration section */
		AA000011AA000011AA000011 /* Debug */ = {
			isa = XCBuildConfiguration;
			buildSettings = {
				ALWAYS_SEARCH_USER_PATHS = NO;
				ASSETCATALOG_COMPILER_GENERATE_SWIFT_ASSET_SYMBOL_EXTENSIONS = YES;
				CLANG_ANALYZER_NONNULL = YES;
				CLANG_ANALYZER_NUMBER_OBJECT_CONVERSION = YES_AGGRESSIVE;
				CLANG_CXX_LANGUAGE_STANDARD = "gnu++20";
				CLANG_ENABLE_MODULES = YES;
				CLANG_ENABLE_OBJC_ARC = YES;
				CLANG_ENABLE_OBJC_WEAK = YES;
				CLANG_WARN_BLOCK_CAPTURE_AUTORELEASING = YES;
				CLANG_WARN_BOOL_CONVERSION = YES;
				CLANG_WARN_COMMA = YES;
				CLANG_WARN_CONSTANT_CONVERSION = YES;
				CLANG_WARN_DEPRECATED_OBJC_IMPLEMENTATIONS = YES;
				CLANG_WARN_DIRECT_OBJC_ISA_USAGE = YES_ERROR;
				CLANG_WARN_DOCUMENTATION_COMMENTS = YES;
				CLANG_WARN_EMPTY_BODY = YES;
				CLANG_WARN_ENUM_CONVERSION = YES;
				CLANG_WARN_INFINITE_RECURSION = YES;
				CLANG_WARN_INT_CONVERSION = YES;
				CLANG_WARN_NON_LITERAL_NULL_CONVERSION = YES;
				CLANG_WARN_OBJC_IMPLICIT_RETAIN_CYCLES = YES;
				CLANG_WARN_OBJC_LITERAL_CONVERSION = YES;
				CLANG_WARN_OBJC_ROOT_CLASS = YES_ERROR;
				CLANG_WARN_QUOTED_INCLUDE_IN_FRAMEWORK_HEADER = YES;
				CLANG_WARN_RANGE_LOOP_ANALYSIS = YES;
				CLANG_WARN_STRICT_PROTOTYPES = YES;
				CLANG_WARN_SUSPICIOUS_MOVE = YES;
				CLANG_WARN_UNGUARDED_AVAILABILITY = YES_AGGRESSIVE;
				CLANG_WARN_UNREACHABLE_CODE = YES;
				CLANG_WARN__DUPLICATE_METHOD_MATCH = YES;
				COPY_PHASE_STRIP = NO;
				DEBUG_INFORMATION_FORMAT = dwarf;
				ENABLE_STRICT_OBJC_MSGSEND = YES;
				ENABLE_TESTABILITY = YES;
				ENABLE_USER_SCRIPT_SANDBOXING = YES;
				GCC_C_LANGUAGE_STANDARD = gnu17;
				GCC_DYNAMIC_NO_PIC = NO;
				GCC_NO_COMMON_BLOCKS = YES;
				GCC_OPTIMIZATION_LEVEL = 0;
				GCC_PREPROCESSOR_DEFINITIONS = (
					"DEBUG=1",
					"$(inherited)",
				);
				GCC_WARN_64_TO_32_BIT_CONVERSION = YES;
				GCC_WARN_ABOUT_RETURN_TYPE = YES_ERROR;
				GCC_WARN_UNDECLARED_SELECTOR = YES;
				GCC_WARN_UNINITIALIZED_AUTOS = YES_AGGRESSIVE;
				GCC_WARN_UNUSED_FUNCTION = YES;
				GCC_WARN_UNUSED_VARIABLE = YES;
				IPHONEOS_DEPLOYMENT_TARGET = 17.0;
				MTL_ENABLE_DEBUG_INFO = INCLUDE_SOURCE;
				MTL_FAST_MATH = YES;
				ONLY_ACTIVE_ARCH = YES;
				SDKROOT = iphoneos;
				SWIFT_ACTIVE_COMPILATION_CONDITIONS = "DEBUG $(inherited)";
				SWIFT_OPTIMIZATION_LEVEL = "-Onone";
			};
			name = Debug;
		};
		AA000012AA000012AA000012 /* Release */ = {
			isa = XCBuildConfiguration;
			buildSettings = {
				ALWAYS_SEARCH_USER_PATHS = NO;
				ASSETCATALOG_COMPILER_GENERATE_SWIFT_ASSET_SYMBOL_EXTENSIONS = YES;
				CLANG_ANALYZER_NONNULL = YES;
				CLANG_ANALYZER_NUMBER_OBJECT_CONVERSION = YES_AGGRESSIVE;
				CLANG_CXX_LANGUAGE_STANDARD = "gnu++20";
				CLANG_ENABLE_MODULES = YES;
				CLANG_ENABLE_OBJC_ARC = YES;
				CLANG_ENABLE_OBJC_WEAK = YES;
				CLANG_WARN_BLOCK_CAPTURE_AUTORELEASING = YES;
				CLANG_WARN_BOOL_CONVERSION = YES;
				CLANG_WARN_COMMA = YES;
				CLANG_WARN_CONSTANT_CONVERSION = YES;
				CLANG_WARN_DEPRECATED_OBJC_IMPLEMENTATIONS = YES;
				CLANG_WARN_DIRECT_OBJC_ISA_USAGE = YES_ERROR;
				CLANG_WARN_DOCUMENTATION_COMMENTS = YES;
				CLANG_WARN_EMPTY_BODY = YES;
				CLANG_WARN_ENUM_CONVERSION = YES;
				CLANG_WARN_INFINITE_RECURSION = YES;
				CLANG_WARN_INT_CONVERSION = YES;
				CLANG_WARN_NON_LITERAL_NULL_CONVERSION = YES;
				CLANG_WARN_OBJC_IMPLICIT_RETAIN_CYCLES = YES;
				CLANG_WARN_OBJC_LITERAL_CONVERSION = YES;
				CLANG_WARN_OBJC_ROOT_CLASS = YES_ERROR;
				CLANG_WARN_QUOTED_INCLUDE_IN_FRAMEWORK_HEADER = YES;
				CLANG_WARN_RANGE_LOOP_ANALYSIS = YES;
				CLANG_WARN_STRICT_PROTOTYPES = YES;
				CLANG_WARN_SUSPICIOUS_MOVE = YES;
				CLANG_WARN_UNGUARDED_AVAILABILITY = YES_AGGRESSIVE;
				CLANG_WARN_UNREACHABLE_CODE = YES;
				CLANG_WARN__DUPLICATE_METHOD_MATCH = YES;
				COPY_PHASE_STRIP = NO;
				DEBUG_INFORMATION_FORMAT = "dwarf-with-dsym";
				ENABLE_NS_ASSERTIONS = NO;
				ENABLE_STRICT_OBJC_MSGSEND = YES;
				ENABLE_USER_SCRIPT_SANDBOXING = YES;
				GCC_C_LANGUAGE_STANDARD = gnu17;
				GCC_NO_COMMON_BLOCKS = YES;
				GCC_WARN_64_TO_32_BIT_CONVERSION = YES;
				GCC_WARN_ABOUT_RETURN_TYPE = YES_ERROR;
				GCC_WARN_UNDECLARED_SELECTOR = YES;
				GCC_WARN_UNINITIALIZED_AUTOS = YES_AGGRESSIVE;
				GCC_WARN_UNUSED_FUNCTION = YES;
				GCC_WARN_UNUSED_VARIABLE = YES;
				IPHONEOS_DEPLOYMENT_TARGET = 17.0;
				MTL_FAST_MATH = YES;
				SDKROOT = iphoneos;
				SWIFT_COMPILATION_MODE = wholemodule;
			};
			name = Release;
		};
		AA000014AA000014AA000014 /* Debug */ = {
			isa = XCBuildConfiguration;
			buildSettings = {
				ASSETCATALOG_COMPILER_APPICON_NAME = AppIcon;
				ASSETCATALOG_COMPILER_GLOBAL_ACCENT_COLOR_NAME = AccentColor;
				CODE_SIGN_STYLE = Automatic;
				CURRENT_PROJECT_VERSION = 1;
				DEVELOPMENT_TEAM = R3RNQL3V3T;
				ENABLE_PREVIEWS = YES;
				GENERATE_INFOPLIST_FILE = YES;
				INFOPLIST_KEY_NSUserNotificationsUsageDescription = "RepeatRemind utilise les notifications pour vous rappeler de valider votre presence.";
				INFOPLIST_KEY_UIApplicationSceneManifest_Generation = YES;
				INFOPLIST_KEY_UIApplicationSupportsIndirectInputEvents = YES;
				INFOPLIST_KEY_UILaunchScreen_Generation = YES;
				INFOPLIST_KEY_UISupportedInterfaceOrientations_iPad = "UIInterfaceOrientationPortrait UIInterfaceOrientationPortraitUpsideDown UIInterfaceOrientationLandscapeLeft UIInterfaceOrientationLandscapeRight";
				INFOPLIST_KEY_UISupportedInterfaceOrientations_iPhone = "UIInterfaceOrientationPortrait UIInterfaceOrientationLandscapeLeft UIInterfaceOrientationLandscapeRight";
				LD_RUNPATH_SEARCH_PATHS = (
					"$(inherited)",
					"@executable_path/Frameworks",
				);
				MARKETING_VERSION = 1.0;
				PRODUCT_BUNDLE_IDENTIFIER = com.repeatremind.app;
				PRODUCT_NAME = "$(TARGET_NAME)";
				SUPPORTS_MACCATALYST = YES;
				SWIFT_EMIT_LOC_STRINGS = YES;
				SWIFT_VERSION = 5.0;
				TARGETED_DEVICE_FAMILY = "1,2";
			};
			name = Debug;
		};
		AA000015AA000015AA000015 /* Release */ = {
			isa = XCBuildConfiguration;
			buildSettings = {
				ASSETCATALOG_COMPILER_APPICON_NAME = AppIcon;
				ASSETCATALOG_COMPILER_GLOBAL_ACCENT_COLOR_NAME = AccentColor;
				CODE_SIGN_STYLE = Automatic;
				CURRENT_PROJECT_VERSION = 1;
				DEVELOPMENT_TEAM = R3RNQL3V3T;
				ENABLE_PREVIEWS = YES;
				GENERATE_INFOPLIST_FILE = YES;
				INFOPLIST_KEY_NSUserNotificationsUsageDescription = "RepeatRemind utilise les notifications pour vous rappeler de valider votre presence.";
				INFOPLIST_KEY_UIApplicationSceneManifest_Generation = YES;
				INFOPLIST_KEY_UIApplicationSupportsIndirectInputEvents = YES;
				INFOPLIST_KEY_UILaunchScreen_Generation = YES;
				INFOPLIST_KEY_UISupportedInterfaceOrientations_iPad = "UIInterfaceOrientationPortrait UIInterfaceOrientationPortraitUpsideDown UIInterfaceOrientationLandscapeLeft UIInterfaceOrientationLandscapeRight";
				INFOPLIST_KEY_UISupportedInterfaceOrientations_iPhone = "UIInterfaceOrientationPortrait UIInterfaceOrientationLandscapeLeft UIInterfaceOrientationLandscapeRight";
				LD_RUNPATH_SEARCH_PATHS = (
					"$(inherited)",
					"@executable_path/Frameworks",
				);
				MARKETING_VERSION = 1.0;
				PRODUCT_BUNDLE_IDENTIFIER = com.repeatremind.app;
				PRODUCT_NAME = "$(TARGET_NAME)";
				SUPPORTS_MACCATALYST = YES;
				SWIFT_EMIT_LOC_STRINGS = YES;
				SWIFT_VERSION = 5.0;
				TARGETED_DEVICE_FAMILY = "1,2";
			};
			name = Release;
		};
		HH000001HH000001HH000001 /* Debug */ = {
			isa = XCBuildConfiguration;
			buildSettings = {
				ASSETCATALOG_COMPILER_APPICON_NAME = AppIcon;
				CODE_SIGN_STYLE = Automatic;
				CURRENT_PROJECT_VERSION = 1;
				ENABLE_PREVIEWS = YES;
				GENERATE_INFOPLIST_FILE = YES;
				INFOPLIST_KEY_NSUserNotificationsUsageDescription = "RepeatRemind utilise les notifications pour vous rappeler de valider votre presence.";
				INFOPLIST_KEY_WKWatchKitApp = YES;
				LD_RUNPATH_SEARCH_PATHS = (
					"$(inherited)",
					"@executable_path/Frameworks",
				);
				MARKETING_VERSION = 1.0;
				PRODUCT_BUNDLE_IDENTIFIER = com.repeatremind.app.watchkitapp;
				PRODUCT_NAME = "$(TARGET_NAME)";
				SDKROOT = watchos;
				SWIFT_EMIT_LOC_STRINGS = YES;
				SWIFT_VERSION = 5.0;
				TARGETED_DEVICE_FAMILY = 4;
				WATCHOS_DEPLOYMENT_TARGET = 10.0;
			};
			name = Debug;
		};
		HH000002HH000002HH000002 /* Release */ = {
			isa = XCBuildConfiguration;
			buildSettings = {
				ASSETCATALOG_COMPILER_APPICON_NAME = AppIcon;
				CODE_SIGN_STYLE = Automatic;
				CURRENT_PROJECT_VERSION = 1;
				ENABLE_PREVIEWS = YES;
				GENERATE_INFOPLIST_FILE = YES;
				INFOPLIST_KEY_NSUserNotificationsUsageDescription = "RepeatRemind utilise les notifications pour vous rappeler de valider votre presence.";
				INFOPLIST_KEY_WKWatchKitApp = YES;
				LD_RUNPATH_SEARCH_PATHS = (
					"$(inherited)",
					"@executable_path/Frameworks",
				);
				MARKETING_VERSION = 1.0;
				PRODUCT_BUNDLE_IDENTIFIER = com.repeatremind.app.watchkitapp;
				PRODUCT_NAME = "$(TARGET_NAME)";
				SDKROOT = watchos;
				SWIFT_EMIT_LOC_STRINGS = YES;
				SWIFT_VERSION = 5.0;
				TARGETED_DEVICE_FAMILY = 4;
				WATCHOS_DEPLOYMENT_TARGET = 10.0;
			};
			name = Release;
		};
/* End XCBuildConfiguration section */

/* Begin XCConfigurationList section */
		AA000010AA000010AA000010 /* Build configuration list for PBXProject "RepeatRemind" */ = {
			isa = XCConfigurationList;
			buildConfigurations = (
				AA000011AA000011AA000011 /* Debug */,
				AA000012AA000012AA000012 /* Release */,
			);
			defaultConfigurationIsVisible = 0;
			defaultConfigurationName = Release;
		};
		AA000013AA000013AA000013 /* Build configuration list for PBXNativeTarget "RepeatRemind" */ = {
			isa = XCConfigurationList;
			buildConfigurations = (
				AA000014AA000014AA000014 /* Debug */,
				AA000015AA000015AA000015 /* Release */,
			);
			defaultConfigurationIsVisible = 0;
			defaultConfigurationName = Release;
		};
		HH000003HH000003HH000003 /* Build configuration list for PBXNativeTarget "RepeatRemindWatch" */ = {
			isa = XCConfigurationList;
			buildConfigurations = (
				HH000001HH000001HH000001 /* Debug */,
				HH000002HH000002HH000002 /* Release */,
			);
			defaultConfigurationIsVisible = 0;
			defaultConfigurationName = Release;
		};
/* End XCConfigurationList section */
	};
	rootObject = AA000001AA000001AA000001 /* Project object */;
}
